// !$*UTF8*$!
{
	archiveVersion = 1;
	classes = {
	};
	objectVersion = 46;
	objects = {

/* Begin PBXBuildFile section */
		95B4BC191FC2C8660045D732 /* AppDelegate.swift in Sources */ = {isa = PBXBuildFile; fileRef = 95B4BC181FC2C8660045D732 /* AppDelegate.swift */; };
		95B4BC1E1FC2C8660045D732 /* Main.storyboard in Resources */ = {isa = PBXBuildFile; fileRef = 95B4BC1C1FC2C8660045D732 /* Main.storyboard */; };
		95B4BC231FC2C8660045D732 /* Assets.xcassets in Resources */ = {isa = PBXBuildFile; fileRef = 95B4BC221FC2C8660045D732 /* Assets.xcassets */; };
		95B4BC261FC2C8660045D732 /* LaunchScreen.storyboard in Resources */ = {isa = PBXBuildFile; fileRef = 95B4BC241FC2C8660045D732 /* LaunchScreen.storyboard */; };
		95B4BC321FC2CA910045D732 /* LandingViewController.swift in Sources */ = {isa = PBXBuildFile; fileRef = 95B4BC311FC2CA910045D732 /* LandingViewController.swift */; };
		95B4BC3B1FC2CB170045D732 /* Github_Lookup.xcdatamodeld in Sources */ = {isa = PBXBuildFile; fileRef = 95B4BC391FC2CB160045D732 /* Github_Lookup.xcdatamodeld */; };
		95B4BC3D1FC2CB510045D732 /* Constants.swift in Sources */ = {isa = PBXBuildFile; fileRef = 95B4BC3C1FC2CB510045D732 /* Constants.swift */; };
		95B4BC401FC2CE150045D732 /* BaseViewController.swift in Sources */ = {isa = PBXBuildFile; fileRef = 95B4BC3F1FC2CE150045D732 /* BaseViewController.swift */; };
		95B4BC421FC2CE9E0045D732 /* BorderedButton.swift in Sources */ = {isa = PBXBuildFile; fileRef = 95B4BC411FC2CE9E0045D732 /* BorderedButton.swift */; };
/* End PBXBuildFile section */

/* Begin PBXFileReference section */
		95B4BC151FC2C8660045D732 /* Github Lookup.app */ = {isa = PBXFileReference; explicitFileType = wrapper.application; includeInIndex = 0; path = "Github Lookup.app"; sourceTree = BUILT_PRODUCTS_DIR; };
		95B4BC181FC2C8660045D732 /* AppDelegate.swift */ = {isa = PBXFileReference; lastKnownFileType = sourcecode.swift; path = AppDelegate.swift; sourceTree = "<group>"; };
		95B4BC1D1FC2C8660045D732 /* Base */ = {isa = PBXFileReference; lastKnownFileType = file.storyboard; name = Base; path = Base.lproj/Main.storyboard; sourceTree = "<group>"; };
		95B4BC221FC2C8660045D732 /* Assets.xcassets */ = {isa = PBXFileReference; lastKnownFileType = folder.assetcatalog; path = Assets.xcassets; sourceTree = "<group>"; };
		95B4BC251FC2C8660045D732 /* Base */ = {isa = PBXFileReference; lastKnownFileType = file.storyboard; name = Base; path = Base.lproj/LaunchScreen.storyboard; sourceTree = "<group>"; };
		95B4BC271FC2C8660045D732 /* Info.plist */ = {isa = PBXFileReference; lastKnownFileType = text.plist.xml; path = Info.plist; sourceTree = "<group>"; };
		95B4BC311FC2CA910045D732 /* LandingViewController.swift */ = {isa = PBXFileReference; fileEncoding = 4; lastKnownFileType = sourcecode.swift; path = LandingViewController.swift; sourceTree = "<group>"; };
		95B4BC3A1FC2CB160045D732 /* Github_Lookup.xcdatamodel */ = {isa = PBXFileReference; lastKnownFileType = wrapper.xcdatamodel; path = Github_Lookup.xcdatamodel; sourceTree = "<group>"; };
		95B4BC3C1FC2CB510045D732 /* Constants.swift */ = {isa = PBXFileReference; fileEncoding = 4; lastKnownFileType = sourcecode.swift; path = Constants.swift; sourceTree = "<group>"; };
		95B4BC3F1FC2CE150045D732 /* BaseViewController.swift */ = {isa = PBXFileReference; fileEncoding = 4; lastKnownFileType = sourcecode.swift; path = BaseViewController.swift; sourceTree = "<group>"; };
		95B4BC411FC2CE9E0045D732 /* BorderedButton.swift */ = {isa = PBXFileReference; fileEncoding = 4; lastKnownFileType = sourcecode.swift; path = BorderedButton.swift; sourceTree = "<group>"; };
/* End PBXFileReference section */

/* Begin PBXFrameworksBuildPhase section */
		95B4BC121FC2C8660045D732 /* Frameworks */ = {
			isa = PBXFrameworksBuildPhase;
			buildActionMask = 2147483647;
			files = (
			);
			runOnlyForDeploymentPostprocessing = 0;
		};
/* End PBXFrameworksBuildPhase section */

/* Begin PBXGroup section */
		95B4BC0C1FC2C8660045D732 = {
			isa = PBXGroup;
			children = (
				95B4BC171FC2C8660045D732 /* Github Lookup */,
				95B4BC161FC2C8660045D732 /* Products */,
			);
			sourceTree = "<group>";
		};
		95B4BC161FC2C8660045D732 /* Products */ = {
			isa = PBXGroup;
			children = (
				95B4BC151FC2C8660045D732 /* Github Lookup.app */,
			);
			name = Products;
			sourceTree = "<group>";
		};
		95B4BC171FC2C8660045D732 /* Github Lookup */ = {
			isa = PBXGroup;
			children = (
				95B4BC381FC2CB160045D732 /* Data models */,
				95B4BC351FC2CAD60045D732 /* Generic views */,
				95B4BC331FC2CAAC0045D732 /* Helper classes */,
				95B4BC2E1FC2CA710045D732 /* Assets */,
				95B4BC2D1FC2CA280045D732 /* Modules */,
				95B4BC181FC2C8660045D732 /* AppDelegate.swift */,
				95B4BC221FC2C8660045D732 /* Assets.xcassets */,
				95B4BC271FC2C8660045D732 /* Info.plist */,
			);
			path = "Github Lookup";
			sourceTree = "<group>";
		};
		95B4BC2D1FC2CA280045D732 /* Modules */ = {
			isa = PBXGroup;
			children = (
				95B4BC301FC2CA910045D732 /* Landing */,
			);
			path = Modules;
			sourceTree = "<group>";
		};
		95B4BC2E1FC2CA710045D732 /* Assets */ = {
			isa = PBXGroup;
			children = (
				95B4BC2F1FC2CA710045D732 /* Fonts */,
			);
			path = Assets;
			sourceTree = "<group>";
		};
		95B4BC2F1FC2CA710045D732 /* Fonts */ = {
			isa = PBXGroup;
			children = (
			);
			path = Fonts;
			sourceTree = "<group>";
		};
		95B4BC301FC2CA910045D732 /* Landing */ = {
			isa = PBXGroup;
			children = (
				95B4BC311FC2CA910045D732 /* LandingViewController.swift */,
			);
			path = Landing;
			sourceTree = "<group>";
		};
		95B4BC331FC2CAAC0045D732 /* Helper classes */ = {
			isa = PBXGroup;
			children = (
				95B4BC3E1FC2CE020045D732 /* Base classes */,
				95B4BC3C1FC2CB510045D732 /* Constants.swift */,
			);
			path = "Helper classes";
			sourceTree = "<group>";
		};
		95B4BC351FC2CAD60045D732 /* Generic views */ = {
			isa = PBXGroup;
			children = (
				95B4BC361FC2CAEE0045D732 /* Classes */,
				95B4BC371FC2CAEE0045D732 /* Interfaces */,
			);
			path = "Generic views";
			sourceTree = "<group>";
		};
		95B4BC361FC2CAEE0045D732 /* Classes */ = {
			isa = PBXGroup;
			children = (
				95B4BC411FC2CE9E0045D732 /* BorderedButton.swift */,
			);
			path = Classes;
			sourceTree = "<group>";
		};
		95B4BC371FC2CAEE0045D732 /* Interfaces */ = {
			isa = PBXGroup;
			children = (
				95B4BC1C1FC2C8660045D732 /* Main.storyboard */,
				95B4BC241FC2C8660045D732 /* LaunchScreen.storyboard */,
			);
			path = Interfaces;
			sourceTree = "<group>";
		};
		95B4BC381FC2CB160045D732 /* Data models */ = {
			isa = PBXGroup;
			children = (
				95B4BC391FC2CB160045D732 /* Github_Lookup.xcdatamodeld */,
			);
			path = "Data models";
			sourceTree = "<group>";
		};
		95B4BC3E1FC2CE020045D732 /* Base classes */ = {
			isa = PBXGroup;
			children = (
				95B4BC3F1FC2CE150045D732 /* BaseViewController.swift */,
			);
			name = "Base classes";
			sourceTree = "<group>";
		};
/* End PBXGroup section */

/* Begin PBXNativeTarget section */
		95B4BC141FC2C8660045D732 /* Github Lookup */ = {
			isa = PBXNativeTarget;
			buildConfigurationList = 95B4BC2A1FC2C8660045D732 /* Build configuration list for PBXNativeTarget "Github Lookup" */;
			buildPhases = (
				95B4BC111FC2C8660045D732 /* Sources */,
				95B4BC121FC2C8660045D732 /* Frameworks */,
				95B4BC131FC2C8660045D732 /* Resources */,
			);
			buildRules = (
			);
			dependencies = (
			);
			name = "Github Lookup";
			productName = "Github Lookup";
			productReference = 95B4BC151FC2C8660045D732 /* Github Lookup.app */;
			productType = "com.apple.product-type.application";
		};
/* End PBXNativeTarget section */

/* Begin PBXProject section */
		95B4BC0D1FC2C8660045D732 /* Project object */ = {
			isa = PBXProject;
			attributes = {
				LastSwiftUpdateCheck = 0800;
				LastUpgradeCheck = 0800;
				ORGANIZATIONNAME = "Sumit Mukhija";
				TargetAttributes = {
					95B4BC141FC2C8660045D732 = {
						CreatedOnToolsVersion = 8.0;
						DevelopmentTeam = 6YJ42MYCSX;
						ProvisioningStyle = Automatic;
					};
				};
			};
			buildConfigurationList = 95B4BC101FC2C8660045D732 /* Build configuration list for PBXProject "Github Lookup" */;
			compatibilityVersion = "Xcode 3.2";
			developmentRegion = English;
			hasScannedForEncodings = 0;
			knownRegions = (
				en,
				Base,
			);
			mainGroup = 95B4BC0C1FC2C8660045D732;
			productRefGroup = 95B4BC161FC2C8660045D732 /* Products */;
			projectDirPath = "";
			projectRoot = "";
			targets = (
				95B4BC141FC2C8660045D732 /* Github Lookup */,
			);
		};
/* End PBXProject section */

/* Begin PBXResourcesBuildPhase section */
		95B4BC131FC2C8660045D732 /* Resources */ = {
			isa = PBXResourcesBuildPhase;
			buildActionMask = 2147483647;
			files = (
				95B4BC261FC2C8660045D732 /* LaunchScreen.storyboard in Resources */,
				95B4BC231FC2C8660045D732 /* Assets.xcassets in Resources */,
				95B4BC1E1FC2C8660045D732 /* Main.storyboard in Resources */,
			);
			runOnlyForDeploymentPostprocessing = 0;
		};
/* End PBXResourcesBuildPhase section */

/* Begin PBXSourcesBuildPhase section */
		95B4BC111FC2C8660045D732 /* Sources */ = {
			isa = PBXSourcesBuildPhase;
			buildActionMask = 2147483647;
			files = (
				95B4BC401FC2CE150045D732 /* BaseViewController.swift in Sources */,
				95B4BC191FC2C8660045D732 /* AppDelegate.swift in Sources */,
				95B4BC421FC2CE9E0045D732 /* BorderedButton.swift in Sources */,
				95B4BC321FC2CA910045D732 /* LandingViewController.swift in Sources */,
				95B4BC3B1FC2CB170045D732 /* Github_Lookup.xcdatamodeld in Sources */,
				95B4BC3D1FC2CB510045D732 /* Constants.swift in Sources */,
			);
			runOnlyForDeploymentPostprocessing = 0;
		};
/* End PBXSourcesBuildPhase section */

/* Begin PBXVariantGroup section */
		95B4BC1C1FC2C8660045D732 /* Main.storyboard */ = {
			isa = PBXVariantGroup;
			children = (
				95B4BC1D1FC2C8660045D732 /* Base */,
			);
			name = Main.storyboard;
			path = ../..;
			sourceTree = "<group>";
		};
		95B4BC241FC2C8660045D732 /* LaunchScreen.storyboard */ = {
			isa = PBXVariantGroup;
			children = (
				95B4BC251FC2C8660045D732 /* Base */,
			);
			name = LaunchScreen.storyboard;
			path = ../..;
			sourceTree = "<group>";
		};
/* End PBXVariantGroup section */

/* Begin XCBuildConfiguration section */
		95B4BC281FC2C8660045D732 /* Debug */ = {
			isa = XCBuildConfiguration;
			buildSettings = {
				ALWAYS_SEARCH_USER_PATHS = NO;
				CLANG_ANALYZER_NONNULL = YES;
				CLANG_CXX_LANGUAGE_STANDARD = "gnu++0x";
				CLANG_CXX_LIBRARY = "libc++";
				CLANG_ENABLE_MODULES = YES;
				CLANG_ENABLE_OBJC_ARC = YES;
				CLANG_WARN_BOOL_CONVERSION = YES;
				CLANG_WARN_CONSTANT_CONVERSION = YES;
				CLANG_WARN_DIRECT_OBJC_ISA_USAGE = YES_ERROR;
				CLANG_WARN_DOCUMENTATION_COMMENTS = YES;
				CLANG_WARN_EMPTY_BODY = YES;
				CLANG_WARN_ENUM_CONVERSION = YES;
				CLANG_WARN_INFINITE_RECURSION = YES;
				CLANG_WARN_INT_CONVERSION = YES;
				CLANG_WARN_OBJC_ROOT_CLASS = YES_ERROR;
				CLANG_WARN_SUSPICIOUS_MOVES = YES;
				CLANG_WARN_UNREACHABLE_CODE = YES;
				CLANG_WARN__DUPLICATE_METHOD_MATCH = YES;
				"CODE_SIGN_IDENTITY[sdk=iphoneos*]" = "iPhone Developer";
				COPY_PHASE_STRIP = NO;
				DEBUG_INFORMATION_FORMAT = dwarf;
				ENABLE_STRICT_OBJC_MSGSEND = YES;
				ENABLE_TESTABILITY = YES;
				GCC_C_LANGUAGE_STANDARD = gnu99;
				GCC_DYNAMIC_NO_PIC = NO;
				GCC_NO_COMMON_BLOCKS = YES;
				GCC_OPTIMIZATION_LEVEL = 0;
				GCC_PREPROCESSOR_DEFINITIONS = (
					"DEBUG=1",
					"$(inherited)",
				);
				GCC_WARN_64_TO_32_BIT_CONVERSION = YES;
				GCC_WARN_ABOUT_RETURN_TYPE = YES_ERROR;
				GCC_WARN_UNDECLARED_SELECTOR = YES;
				GCC_WARN_UNINITIALIZED_AUTOS = YES_AGGRESSIVE;
				GCC_WARN_UNUSED_FUNCTION = YES;
				GCC_WARN_UNUSED_VARIABLE = YES;
				IPHONEOS_DEPLOYMENT_TARGET = 10.0;
				MTL_ENABLE_DEBUG_INFO = YES;
				ONLY_ACTIVE_ARCH = YES;
				SDKROOT = iphoneos;
				SWIFT_ACTIVE_COMPILATION_CONDITIONS = DEBUG;
				SWIFT_OPTIMIZATION_LEVEL = "-Onone";
				TARGETED_DEVICE_FAMILY = "1,2";
			};
			name = Debug;
		};
		95B4BC291FC2C8660045D732 /* Release */ = {
			isa = XCBuildConfiguration;
			buildSettings = {
				ALWAYS_SEARCH_USER_PATHS = NO;
				CLANG_ANALYZER_NONNULL = YES;
				CLANG_CXX_LANGUAGE_STANDARD = "gnu++0x";
				CLANG_CXX_LIBRARY = "libc++";
				CLANG_ENABLE_MODULES = YES;
				CLANG_ENABLE_OBJC_ARC = YES;
				CLANG_WARN_BOOL_CONVERSION = YES;
				CLANG_WARN_CONSTANT_CONVERSION = YES;
				CLANG_WARN_DIRECT_OBJC_ISA_USAGE = YES_ERROR;
				CLANG_WARN_DOCUMENTATION_COMMENTS = YES;
				CLANG_WARN_EMPTY_BODY = YES;
				CLANG_WARN_ENUM_CONVERSION = YES;
				CLANG_WARN_INFINITE_RECURSION = YES;
				CLANG_WARN_INT_CONVERSION = YES;
				CLANG_WARN_OBJC_ROOT_CLASS = YES_ERROR;
				CLANG_WARN_SUSPICIOUS_MOVES = YES;
				CLANG_WARN_UNREACHABLE_CODE = YES;
				CLANG_WARN__DUPLICATE_METHOD_MATCH = YES;
				"CODE_SIGN_IDENTITY[sdk=iphoneos*]" = "iPhone Developer";
				COPY_PHASE_STRIP = NO;
				DEBUG_INFORMATION_FORMAT = "dwarf-with-dsym";
				ENABLE_NS_ASSERTIONS = NO;
				ENABLE_STRICT_OBJC_MSGSEND = YES;
				GCC_C_LANGUAGE_STANDARD = gnu99;
				GCC_NO_COMMON_BLOCKS = YES;
				GCC_WARN_64_TO_32_BIT_CONVERSION = YES;
				GCC_WARN_ABOUT_RETURN_TYPE = YES_ERROR;
				GCC_WARN_UNDECLARED_SELECTOR = YES;
				GCC_WARN_UNINITIALIZED_AUTOS = YES_AGGRESSIVE;
				GCC_WARN_UNUSED_FUNCTION = YES;
				GCC_WARN_UNUSED_VARIABLE = YES;
				IPHONEOS_DEPLOYMENT_TARGET = 10.0;
				MTL_ENABLE_DEBUG_INFO = NO;
				SDKROOT = iphoneos;
				SWIFT_OPTIMIZATION_LEVEL = "-Owholemodule";
				TARGETED_DEVICE_FAMILY = "1,2";
				VALIDATE_PRODUCT = YES;
			};
			name = Release;
		};
		95B4BC2B1FC2C8660045D732 /* Debug */ = {
			isa = XCBuildConfiguration;
			buildSettings = {
				ASSETCATALOG_COMPILER_APPICON_NAME = AppIcon;
				DEVELOPMENT_TEAM = 6YJ42MYCSX;
				INFOPLIST_FILE = "Github Lookup/Info.plist";
				LD_RUNPATH_SEARCH_PATHS = "$(inherited) @executable_path/Frameworks";
				PRODUCT_BUNDLE_IDENTIFIER = "in.sumitmukhija.Github-Lookup";
				PRODUCT_NAME = "$(TARGET_NAME)";
				SWIFT_VERSION = 3.0;
			};
			name = Debug;
		};
		95B4BC2C1FC2C8660045D732 /* Release */ = {
			isa = XCBuildConfiguration;
			buildSettings = {
				ASSETCATALOG_COMPILER_APPICON_NAME = AppIcon;
				DEVELOPMENT_TEAM = 6YJ42MYCSX;
				INFOPLIST_FILE = "Github Lookup/Info.plist";
				LD_RUNPATH_SEARCH_PATHS = "$(inherited) @executable_path/Frameworks";
				PRODUCT_BUNDLE_IDENTIFIER = "in.sumitmukhija.Github-Lookup";
				PRODUCT_NAME = "$(TARGET_NAME)";
				SWIFT_VERSION = 3.0;
			};
			name = Release;
		};
/* End XCBuildConfiguration section */

/* Begin XCConfigurationList section */
		95B4BC101FC2C8660045D732 /* Build configuration list for PBXProject "Github Lookup" */ = {
			isa = XCConfigurationList;
			buildConfigurations = (
				95B4BC281FC2C8660045D732 /* Debug */,
				95B4BC291FC2C8660045D732 /* Release */,
			);
			defaultConfigurationIsVisible = 0;
			defaultConfigurationName = Release;
		};
		95B4BC2A1FC2C8660045D732 /* Build configuration list for PBXNativeTarget "Github Lookup" */ = {
			isa = XCConfigurationList;
			buildConfigurations = (
				95B4BC2B1FC2C8660045D732 /* Debug */,
				95B4BC2C1FC2C8660045D732 /* Release */,
			);
			defaultConfigurationIsVisible = 0;
		};
/* End XCConfigurationList section */

/* Begin XCVersionGroup section */
		95B4BC391FC2CB160045D732 /* Github_Lookup.xcdatamodeld */ = {
			isa = XCVersionGroup;
			children = (
				95B4BC3A1FC2CB160045D732 /* Github_Lookup.xcdatamodel */,
			);
			currentVersion = 95B4BC3A1FC2CB160045D732 /* Github_Lookup.xcdatamodel */;
			path = Github_Lookup.xcdatamodeld;
			sourceTree = "<group>";
			versionGroupType = wrapper.xcdatamodel;
		};
/* End XCVersionGroup section */
	};
	rootObject = 95B4BC0D1FC2C8660045D732 /* Project object */;
}
